
Microsoft Visual Studio Solution File, Format Version 12.00
# Visual Studio 2013
VisualStudioVersion = 12.0.31101.0
MinimumVisualStudioVersion = 10.0.40219.1
Project("{FAE04EC0-301F-11D3-BF4B-00C04F79EFBC}") = "WebJobSentinel", "WebJobSentinel\WebJobSentinel.csproj", "{1FDB0A01-A149-49E1-80A4-1562F6C596B5}"
EndProject
Project("{FAE04EC0-301F-11D3-BF4B-00C04F79EFBC}") = "WebJobSentinel.Example", "WebJobSentinel.Example\WebJobSentinel.Example.csproj", "{5F12E9F5-9114-42D7-893A-BD773B6A50C1}"
EndProject
Global
	GlobalSection(SolutionConfigurationPlatforms) = preSolution
		Debug|Any CPU = Debug|Any CPU
		Release|Any CPU = Release|Any CPU
	EndGlobalSection
	GlobalSection(ProjectConfigurationPlatforms) = postSolution
		{1FDB0A01-A149-49E1-80A4-1562F6C596B5}.Debug|Any CPU.ActiveCfg = Debug|Any CPU
		{1FDB0A01-A149-49E1-80A4-1562F6C596B5}.Debug|Any CPU.Build.0 = Debug|Any CPU
		{1FDB0A01-A149-49E1-80A4-1562F6C596B5}.Release|Any CPU.ActiveCfg = Release|Any CPU
		{1FDB0A01-A149-49E1-80A4-1562F6C596B5}.Release|Any CPU.Build.0 = Release|Any CPU
		{5F12E9F5-9114-42D7-893A-BD773B6A50C1}.Debug|Any CPU.ActiveCfg = Debug|Any CPU
		{5F12E9F5-9114-42D7-893A-BD773B6A50C1}.Debug|Any CPU.Build.0 = Debug|Any CPU
		{5F12E9F5-9114-42D7-893A-BD773B6A50C1}.Release|Any CPU.ActiveCfg = Release|Any CPU
		{5F12E9F5-9114-42D7-893A-BD773B6A50C1}.Release|Any CPU.Build.0 = Release|Any CPU
	EndGlobalSection
	GlobalSection(SolutionProperties) = preSolution
		HideSolutionNode = FALSE
	EndGlobalSection
EndGlobal
